
Microsoft Visual Studio Solution File, Format Version 12.00
# Visual Studio 15
VisualStudioVersion = 15.0.27703.2047
MinimumVisualStudioVersion = 10.0.40219.1
Project("{FAE04EC0-301F-11D3-BF4B-00C04F79EFBC}") = "SpinSaber", "SpinSaber\SpinSaber.csproj", "{5305FFDD-5DAB-4382-BC59-5428F1B810FF}"
EndProject
Global
	GlobalSection(SolutionConfigurationPlatforms) = preSolution
		Debug|Any CPU = Debug|Any CPU
		Release|Any CPU = Release|Any CPU
	EndGlobalSection
	GlobalSection(ProjectConfigurationPlatforms) = postSolution
		{5305FFDD-5DAB-4382-BC59-5428F1B810FF}.Debug|Any CPU.ActiveCfg = Debug|Any CPU
		{5305FFDD-5DAB-4382-BC59-5428F1B810FF}.Debug|Any CPU.Build.0 = Debug|Any CPU
		{5305FFDD-5DAB-4382-BC59-5428F1B810FF}.Release|Any CPU.ActiveCfg = Release|Any CPU
		{5305FFDD-5DAB-4382-BC59-5428F1B810FF}.Release|Any CPU.Build.0 = Release|Any CPU
	EndGlobalSection
	GlobalSection(SolutionProperties) = preSolution
		HideSolutionNode = FALSE
	EndGlobalSection
	GlobalSection(ExtensibilityGlobals) = postSolution
		SolutionGuid = {5E6278ED-A993-438A-9E5F-67483E55CACA}
	EndGlobalSection
EndGlobal
